// !$*UTF8*$!
{
	archiveVersion = 1;
	classes = {
	};
	objectVersion = 46;
	objects = {

/* Begin PBXBuildFile section */
		4FEB0B0419BFE9D000D2018A /* AppDelegate.swift in Sources */ = {isa = PBXBuildFile; fileRef = 4FEB0B0319BFE9D000D2018A /* AppDelegate.swift */; };
		4FEB0B0619BFE9D000D2018A /* ViewController.swift in Sources */ = {isa = PBXBuildFile; fileRef = 4FEB0B0519BFE9D000D2018A /* ViewController.swift */; };
		4FEB0B0919BFE9D000D2018A /* Main.storyboard in Resources */ = {isa = PBXBuildFile; fileRef = 4FEB0B0719BFE9D000D2018A /* Main.storyboard */; };
		4FEB0B0B19BFE9D000D2018A /* Images.xcassets in Resources */ = {isa = PBXBuildFile; fileRef = 4FEB0B0A19BFE9D000D2018A /* Images.xcassets */; };
		4FEB0B0E19BFE9D000D2018A /* LaunchScreen.xib in Resources */ = {isa = PBXBuildFile; fileRef = 4FEB0B0C19BFE9D000D2018A /* LaunchScreen.xib */; };
		4FEB0B1A19BFE9D100D2018A /* SwiftPickerViewTests.swift in Sources */ = {isa = PBXBuildFile; fileRef = 4FEB0B1919BFE9D100D2018A /* SwiftPickerViewTests.swift */; };
/* End PBXBuildFile section */

/* Begin PBXContainerItemProxy section */
		4FEB0B1419BFE9D000D2018A /* PBXContainerItemProxy */ = {
			isa = PBXContainerItemProxy;
			containerPortal = 4FEB0AF619BFE9D000D2018A /* Project object */;
			proxyType = 1;
			remoteGlobalIDString = 4FEB0AFD19BFE9D000D2018A;
			remoteInfo = SwiftPickerView;
		};
/* End PBXContainerItemProxy section */

/* Begin PBXFileReference section */
		4FEB0AFE19BFE9D000D2018A /* SwiftPickerView.app */ = {isa = PBXFileReference; explicitFileType = wrapper.application; includeInIndex = 0; path = SwiftPickerView.app; sourceTree = BUILT_PRODUCTS_DIR; };
		4FEB0B0219BFE9D000D2018A /* Info.plist */ = {isa = PBXFileReference; lastKnownFileType = text.plist.xml; path = Info.plist; sourceTree = "<group>"; };
		4FEB0B0319BFE9D000D2018A /* AppDelegate.swift */ = {isa = PBXFileReference; lastKnownFileType = sourcecode.swift; path = AppDelegate.swift; sourceTree = "<group>"; };
		4FEB0B0519BFE9D000D2018A /* ViewController.swift */ = {isa = PBXFileReference; lastKnownFileType = sourcecode.swift; path = ViewController.swift; sourceTree = "<group>"; };
		4FEB0B0819BFE9D000D2018A /* Base */ = {isa = PBXFileReference; lastKnownFileType = file.storyboard; name = Base; path = Base.lproj/Main.storyboard; sourceTree = "<group>"; };
		4FEB0B0A19BFE9D000D2018A /* Images.xcassets */ = {isa = PBXFileReference; lastKnownFileType = folder.assetcatalog; path = Images.xcassets; sourceTree = "<group>"; };
		4FEB0B0D19BFE9D000D2018A /* Base */ = {isa = PBXFileReference; lastKnownFileType = file.xib; name = Base; path = Base.lproj/LaunchScreen.xib; sourceTree = "<group>"; };
		4FEB0B1319BFE9D000D2018A /* SwiftPickerViewTests.xctest */ = {isa = PBXFileReference; explicitFileType = wrapper.cfbundle; includeInIndex = 0; path = SwiftPickerViewTests.xctest; sourceTree = BUILT_PRODUCTS_DIR; };
		4FEB0B1819BFE9D000D2018A /* Info.plist */ = {isa = PBXFileReference; lastKnownFileType = text.plist.xml; path = Info.plist; sourceTree = "<group>"; };
		4FEB0B1919BFE9D100D2018A /* SwiftPickerViewTests.swift */ = {isa = PBXFileReference; lastKnownFileType = sourcecode.swift; path = SwiftPickerViewTests.swift; sourceTree = "<group>"; };
/* End PBXFileReference section */

/* Begin PBXFrameworksBuildPhase section */
		4FEB0AFB19BFE9D000D2018A /* Frameworks */ = {
			isa = PBXFrameworksBuildPhase;
			buildActionMask = 2147483647;
			files = (
			);
			runOnlyForDeploymentPostprocessing = 0;
		};
		4FEB0B1019BFE9D000D2018A /* Frameworks */ = {
			isa = PBXFrameworksBuildPhase;
			buildActionMask = 2147483647;
			files = (
			);
			runOnlyForDeploymentPostprocessing = 0;
		};
/* End PBXFrameworksBuildPhase section */

/* Begin PBXGroup section */
		4FEB0AF519BFE9D000D2018A = {
			isa = PBXGroup;
			children = (
				4FEB0B0019BFE9D000D2018A /* SwiftPickerView */,
				4FEB0B1619BFE9D000D2018A /* SwiftPickerViewTests */,
				4FEB0AFF19BFE9D000D2018A /* Products */,
			);
			sourceTree = "<group>";
		};
		4FEB0AFF19BFE9D000D2018A /* Products */ = {
			isa = PBXGroup;
			children = (
				4FEB0AFE19BFE9D000D2018A /* SwiftPickerView.app */,
				4FEB0B1319BFE9D000D2018A /* SwiftPickerViewTests.xctest */,
			);
			name = Products;
			sourceTree = "<group>";
		};
		4FEB0B0019BFE9D000D2018A /* SwiftPickerView */ = {
			isa = PBXGroup;
			children = (
				4FEB0B0319BFE9D000D2018A /* AppDelegate.swift */,
				4FEB0B0519BFE9D000D2018A /* ViewController.swift */,
				4FEB0B0719BFE9D000D2018A /* Main.storyboard */,
				4FEB0B0A19BFE9D000D2018A /* Images.xcassets */,
				4FEB0B0C19BFE9D000D2018A /* LaunchScreen.xib */,
				4FEB0B0119BFE9D000D2018A /* Supporting Files */,
			);
			path = SwiftPickerView;
			sourceTree = "<group>";
		};
		4FEB0B0119BFE9D000D2018A /* Supporting Files */ = {
			isa = PBXGroup;
			children = (
				4FEB0B0219BFE9D000D2018A /* Info.plist */,
			);
			name = "Supporting Files";
			sourceTree = "<group>";
		};
		4FEB0B1619BFE9D000D2018A /* SwiftPickerViewTests */ = {
			isa = PBXGroup;
			children = (
				4FEB0B1919BFE9D100D2018A /* SwiftPickerViewTests.swift */,
				4FEB0B1719BFE9D000D2018A /* Supporting Files */,
			);
			path = SwiftPickerViewTests;
			sourceTree = "<group>";
		};
		4FEB0B1719BFE9D000D2018A /* Supporting Files */ = {
			isa = PBXGroup;
			children = (
				4FEB0B1819BFE9D000D2018A /* Info.plist */,
			);
			name = "Supporting Files";
			sourceTree = "<group>";
		};
/* End PBXGroup section */

/* Begin PBXNativeTarget section */
		4FEB0AFD19BFE9D000D2018A /* SwiftPickerView */ = {
			isa = PBXNativeTarget;
			buildConfigurationList = 4FEB0B1D19BFE9D100D2018A /* Build configuration list for PBXNativeTarget "SwiftPickerView" */;
			buildPhases = (
				4FEB0AFA19BFE9D000D2018A /* Sources */,
				4FEB0AFB19BFE9D000D2018A /* Frameworks */,
				4FEB0AFC19BFE9D000D2018A /* Resources */,
			);
			buildRules = (
			);
			dependencies = (
			);
			name = SwiftPickerView;
			productName = SwiftPickerView;
			productReference = 4FEB0AFE19BFE9D000D2018A /* SwiftPickerView.app */;
			productType = "com.apple.product-type.application";
		};
		4FEB0B1219BFE9D000D2018A /* SwiftPickerViewTests */ = {
			isa = PBXNativeTarget;
			buildConfigurationList = 4FEB0B2019BFE9D100D2018A /* Build configuration list for PBXNativeTarget "SwiftPickerViewTests" */;
			buildPhases = (
				4FEB0B0F19BFE9D000D2018A /* Sources */,
				4FEB0B1019BFE9D000D2018A /* Frameworks */,
				4FEB0B1119BFE9D000D2018A /* Resources */,
			);
			buildRules = (
			);
			dependencies = (
				4FEB0B1519BFE9D000D2018A /* PBXTargetDependency */,
			);
			name = SwiftPickerViewTests;
			productName = SwiftPickerViewTests;
			productReference = 4FEB0B1319BFE9D000D2018A /* SwiftPickerViewTests.xctest */;
			productType = "com.apple.product-type.bundle.unit-test";
		};
/* End PBXNativeTarget section */

/* Begin PBXProject section */
		4FEB0AF619BFE9D000D2018A /* Project object */ = {
			isa = PBXProject;
			attributes = {
				LastUpgradeCheck = 0600;
				ORGANIZATIONNAME = "Douglas Ferreira";
				TargetAttributes = {
					4FEB0AFD19BFE9D000D2018A = {
						CreatedOnToolsVersion = 6.0;
					};
					4FEB0B1219BFE9D000D2018A = {
						CreatedOnToolsVersion = 6.0;
						TestTargetID = 4FEB0AFD19BFE9D000D2018A;
					};
				};
			};
			buildConfigurationList = 4FEB0AF919BFE9D000D2018A /* Build configuration list for PBXProject "SwiftPickerView" */;
			compatibilityVersion = "Xcode 3.2";
			developmentRegion = English;
			hasScannedForEncodings = 0;
			knownRegions = (
				en,
				Base,
			);
			mainGroup = 4FEB0AF519BFE9D000D2018A;
			productRefGroup = 4FEB0AFF19BFE9D000D2018A /* Products */;
			projectDirPath = "";
			projectRoot = "";
			targets = (
				4FEB0AFD19BFE9D000D2018A /* SwiftPickerView */,
				4FEB0B1219BFE9D000D2018A /* SwiftPickerViewTests */,
			);
		};
/* End PBXProject section */

/* Begin PBXResourcesBuildPhase section */
		4FEB0AFC19BFE9D000D2018A /* Resources */ = {
			isa = PBXResourcesBuildPhase;
			buildActionMask = 2147483647;
			files = (
				4FEB0B0919BFE9D000D2018A /* Main.storyboard in Resources */,
				4FEB0B0E19BFE9D000D2018A /* LaunchScreen.xib in Resources */,
				4FEB0B0B19BFE9D000D2018A /* Images.xcassets in Resources */,
			);
			runOnlyForDeploymentPostprocessing = 0;
		};
		4FEB0B1119BFE9D000D2018A /* Resources */ = {
			isa = PBXResourcesBuildPhase;
			buildActionMask = 2147483647;
			files = (
			);
			runOnlyForDeploymentPostprocessing = 0;
		};
/* End PBXResourcesBuildPhase section */

/* Begin PBXSourcesBuildPhase section */
		4FEB0AFA19BFE9D000D2018A /* Sources */ = {
			isa = PBXSourcesBuildPhase;
			buildActionMask = 2147483647;
			files = (
				4FEB0B0619BFE9D000D2018A /* ViewController.swift in Sources */,
				4FEB0B0419BFE9D000D2018A /* AppDelegate.swift in Sources */,
			);
			runOnlyForDeploymentPostprocessing = 0;
		};
		4FEB0B0F19BFE9D000D2018A /* Sources */ = {
			isa = PBXSourcesBuildPhase;
			buildActionMask = 2147483647;
			files = (
				4FEB0B1A19BFE9D100D2018A /* SwiftPickerViewTests.swift in Sources */,
			);
			runOnlyForDeploymentPostprocessing = 0;
		};
/* End PBXSourcesBuildPhase section */

/* Begin PBXTargetDependency section */
		4FEB0B1519BFE9D000D2018A /* PBXTargetDependency */ = {
			isa = PBXTargetDependency;
			target = 4FEB0AFD19BFE9D000D2018A /* SwiftPickerView */;
			targetProxy = 4FEB0B1419BFE9D000D2018A /* PBXContainerItemProxy */;
		};
/* End PBXTargetDependency section */

/* Begin PBXVariantGroup section */
		4FEB0B0719BFE9D000D2018A /* Main.storyboard */ = {
			isa = PBXVariantGroup;
			children = (
				4FEB0B0819BFE9D000D2018A /* Base */,
			);
			name = Main.storyboard;
			sourceTree = "<group>";
		};
		4FEB0B0C19BFE9D000D2018A /* LaunchScreen.xib */ = {
			isa = PBXVariantGroup;
			children = (
				4FEB0B0D19BFE9D000D2018A /* Base */,
			);
			name = LaunchScreen.xib;
			sourceTree = "<group>";
		};
/* End PBXVariantGroup section */

/* Begin XCBuildConfiguration section */
		4FEB0B1B19BFE9D100D2018A /* Debug */ = {
			isa = XCBuildConfiguration;
			buildSettings = {
				ALWAYS_SEARCH_USER_PATHS = NO;
				CLANG_CXX_LANGUAGE_STANDARD = "gnu++0x";
				CLANG_CXX_LIBRARY = "libc++";
				CLANG_ENABLE_MODULES = YES;
				CLANG_ENABLE_OBJC_ARC = YES;
				CLANG_WARN_BOOL_CONVERSION = YES;
				CLANG_WARN_CONSTANT_CONVERSION = YES;
				CLANG_WARN_DIRECT_OBJC_ISA_USAGE = YES_ERROR;
				CLANG_WARN_EMPTY_BODY = YES;
				CLANG_WARN_ENUM_CONVERSION = YES;
				CLANG_WARN_INT_CONVERSION = YES;
				CLANG_WARN_OBJC_ROOT_CLASS = YES_ERROR;
				CLANG_WARN_UNREACHABLE_CODE = YES;
				CLANG_WARN__DUPLICATE_METHOD_MATCH = YES;
				"CODE_SIGN_IDENTITY[sdk=iphoneos*]" = "iPhone Developer";
				COPY_PHASE_STRIP = NO;
				ENABLE_STRICT_OBJC_MSGSEND = YES;
				GCC_C_LANGUAGE_STANDARD = gnu99;
				GCC_DYNAMIC_NO_PIC = NO;
				GCC_OPTIMIZATION_LEVEL = 0;
				GCC_PREPROCESSOR_DEFINITIONS = (
					"DEBUG=1",
					"$(inherited)",
				);
				GCC_SYMBOLS_PRIVATE_EXTERN = NO;
				GCC_WARN_64_TO_32_BIT_CONVERSION = YES;
				GCC_WARN_ABOUT_RETURN_TYPE = YES_ERROR;
				GCC_WARN_UNDECLARED_SELECTOR = YES;
				GCC_WARN_UNINITIALIZED_AUTOS = YES_AGGRESSIVE;
				GCC_WARN_UNUSED_FUNCTION = YES;
				GCC_WARN_UNUSED_VARIABLE = YES;
				IPHONEOS_DEPLOYMENT_TARGET = 8.0;
				MTL_ENABLE_DEBUG_INFO = YES;
				ONLY_ACTIVE_ARCH = YES;
				SDKROOT = iphoneos;
				SWIFT_OPTIMIZATION_LEVEL = "-Onone";
			};
			name = Debug;
		};
		4FEB0B1C19BFE9D100D2018A /* Release */ = {
			isa = XCBuildConfiguration;
			buildSettings = {
				ALWAYS_SEARCH_USER_PATHS = NO;
				CLANG_CXX_LANGUAGE_STANDARD = "gnu++0x";
				CLANG_CXX_LIBRARY = "libc++";
				CLANG_ENABLE_MODULES = YES;
				CLANG_ENABLE_OBJC_ARC = YES;
				CLANG_WARN_BOOL_CONVERSION = YES;
				CLANG_WARN_CONSTANT_CONVERSION = YES;
				CLANG_WARN_DIRECT_OBJC_ISA_USAGE = YES_ERROR;
				CLANG_WARN_EMPTY_BODY = YES;
				CLANG_WARN_ENUM_CONVERSION = YES;
				CLANG_WARN_INT_CONVERSION = YES;
				CLANG_WARN_OBJC_ROOT_CLASS = YES_ERROR;
				CLANG_WARN_UNREACHABLE_CODE = YES;
				CLANG_WARN__DUPLICATE_METHOD_MATCH = YES;
				"CODE_SIGN_IDENTITY[sdk=iphoneos*]" = "iPhone Developer";
				COPY_PHASE_STRIP = YES;
				ENABLE_NS_ASSERTIONS = NO;
				ENABLE_STRICT_OBJC_MSGSEND = YES;
				GCC_C_LANGUAGE_STANDARD = gnu99;
				GCC_WARN_64_TO_32_BIT_CONVERSION = YES;
				GCC_WARN_ABOUT_RETURN_TYPE = YES_ERROR;
				GCC_WARN_UNDECLARED_SELECTOR = YES;
				GCC_WARN_UNINITIALIZED_AUTOS = YES_AGGRESSIVE;
				GCC_WARN_UNUSED_FUNCTION = YES;
				GCC_WARN_UNUSED_VARIABLE = YES;
				IPHONEOS_DEPLOYMENT_TARGET = 8.0;
				MTL_ENABLE_DEBUG_INFO = NO;
				SDKROOT = iphoneos;
				VALIDATE_PRODUCT = YES;
			};
			name = Release;
		};
		4FEB0B1E19BFE9D100D2018A /* Debug */ = {
			isa = XCBuildConfiguration;
			buildSettings = {
				ASSETCATALOG_COMPILER_APPICON_NAME = AppIcon;
				INFOPLIST_FILE = SwiftPickerView/Info.plist;
				LD_RUNPATH_SEARCH_PATHS = "$(inherited) @executable_path/Frameworks";
				PRODUCT_NAME = "$(TARGET_NAME)";
			};
			name = Debug;
		};
		4FEB0B1F19BFE9D100D2018A /* Release */ = {
			isa = XCBuildConfiguration;
			buildSettings = {
				ASSETCATALOG_COMPILER_APPICON_NAME = AppIcon;
				INFOPLIST_FILE = SwiftPickerView/Info.plist;
				LD_RUNPATH_SEARCH_PATHS = "$(inherited) @executable_path/Frameworks";
				PRODUCT_NAME = "$(TARGET_NAME)";
			};
			name = Release;
		};
		4FEB0B2119BFE9D100D2018A /* Debug */ = {
			isa = XCBuildConfiguration;
			buildSettings = {
				BUNDLE_LOADER = "$(TEST_HOST)";
				FRAMEWORK_SEARCH_PATHS = (
					"$(SDKROOT)/Developer/Library/Frameworks",
					"$(inherited)",
				);
				GCC_PREPROCESSOR_DEFINITIONS = (
					"DEBUG=1",
					"$(inherited)",
				);
				INFOPLIST_FILE = SwiftPickerViewTests/Info.plist;
				LD_RUNPATH_SEARCH_PATHS = "$(inherited) @executable_path/Frameworks @loader_path/Frameworks";
				PRODUCT_NAME = "$(TARGET_NAME)";
				TEST_HOST = "$(BUILT_PRODUCTS_DIR)/SwiftPickerView.app/SwiftPickerView";
			};
			name = Debug;
		};
		4FEB0B2219BFE9D100D2018A /* Release */ = {
			isa = XCBuildConfiguration;
			buildSettings = {
				BUNDLE_LOADER = "$(TEST_HOST)";
				FRAMEWORK_SEARCH_PATHS = (
					"$(SDKROOT)/Developer/Library/Frameworks",
					"$(inherited)",
				);
				INFOPLIST_FILE = SwiftPickerViewTests/Info.plist;
				LD_RUNPATH_SEARCH_PATHS = "$(inherited) @executable_path/Frameworks @loader_path/Frameworks";
				PRODUCT_NAME = "$(TARGET_NAME)";
				TEST_HOST = "$(BUILT_PRODUCTS_DIR)/SwiftPickerView.app/SwiftPickerView";
			};
			name = Release;
		};
/* End XCBuildConfiguration section */

/* Begin XCConfigurationList section */
		4FEB0AF919BFE9D000D2018A /* Build configuration list for PBXProject "SwiftPickerView" */ = {
			isa = XCConfigurationList;
			buildConfigurations = (
				4FEB0B1B19BFE9D100D2018A /* Debug */,
				4FEB0B1C19BFE9D100D2018A /* Release */,
			);
			defaultConfigurationIsVisible = 0;
			defaultConfigurationName = Release;
		};
		4FEB0B1D19BFE9D100D2018A /* Build configuration list for PBXNativeTarget "SwiftPickerView" */ = {
			isa = XCConfigurationList;
			buildConfigurations = (
				4FEB0B1E19BFE9D100D2018A /* Debug */,
				4FEB0B1F19BFE9D100D2018A /* Release */,
			);
			defaultConfigurationIsVisible = 0;
		};
		4FEB0B2019BFE9D100D2018A /* Build configuration list for PBXNativeTarget "SwiftPickerViewTests" */ = {
			isa = XCConfigurationList;
			buildConfigurations = (
				4FEB0B2119BFE9D100D2018A /* Debug */,
				4FEB0B2219BFE9D100D2018A /* Release */,
			);
			defaultConfigurationIsVisible = 0;
		};
/* End XCConfigurationList section */
	};
	rootObject = 4FEB0AF619BFE9D000D2018A /* Project object */;
}
